
Microsoft Visual Studio Solution File, Format Version 12.00
# Visual Studio Version 16
VisualStudioVersion = 16.0.36227.6
MinimumVisualStudioVersion = 10.0.40219.1
Project("{9A19103F-16F7-4668-BE54-9A1E7A4F7556}") = "WebPodryd_Identity", "WebPodryd_Identity\WebPodryd_Identity.csproj", "{90AEADE7-1137-4B85-A17F-3FA5DD3659D9}"
EndProject
Project("{FAE04EC0-301F-11D3-BF4B-00C04F79EFBC}") = "WebPodryd_System", "WebPodryd_System\WebPodryd_System.csproj", "{1F592D46-7508-40E5-ADB3-1952D7989871}"
EndProject
Global
	GlobalSection(SolutionConfigurationPlatforms) = preSolution
		Debug|Any CPU = Debug|Any CPU
		Release|Any CPU = Release|Any CPU
	EndGlobalSection
	GlobalSection(ProjectConfigurationPlatforms) = postSolution
		{90AEADE7-1137-4B85-A17F-3FA5DD3659D9}.Debug|Any CPU.ActiveCfg = Debug|Any CPU
		{90AEADE7-1137-4B85-A17F-3FA5DD3659D9}.Debug|Any CPU.Build.0 = Debug|Any CPU
		{90AEADE7-1137-4B85-A17F-3FA5DD3659D9}.Release|Any CPU.ActiveCfg = Release|Any CPU
		{90AEADE7-1137-4B85-A17F-3FA5DD3659D9}.Release|Any CPU.Build.0 = Release|Any CPU
		{1F592D46-7508-40E5-ADB3-1952D7989871}.Debug|Any CPU.ActiveCfg = Debug|Any CPU
		{1F592D46-7508-40E5-ADB3-1952D7989871}.Debug|Any CPU.Build.0 = Debug|Any CPU
		{1F592D46-7508-40E5-ADB3-1952D7989871}.Release|Any CPU.ActiveCfg = Release|Any CPU
		{1F592D46-7508-40E5-ADB3-1952D7989871}.Release|Any CPU.Build.0 = Release|Any CPU
	EndGlobalSection
	GlobalSection(SolutionProperties) = preSolution
		HideSolutionNode = FALSE
	EndGlobalSection
	GlobalSection(ExtensibilityGlobals) = postSolution
		SolutionGuid = {AB528BCF-DE01-4186-960F-2E208775D4E5}
	EndGlobalSection
EndGlobal
